// !$*UTF8*$!
{
	archiveVersion = 1;
	classes = {
	};
	objectVersion = 50;
	objects = {

/* Begin PBXBuildFile section */
		91110E8D2125009D00591671 /* AppDelegate.m in Sources */ = {isa = PBXBuildFile; fileRef = 91110E8C2125009D00591671 /* AppDelegate.m */; };
		91110E902125009D00591671 /* ViewController.m in Sources */ = {isa = PBXBuildFile; fileRef = 91110E8F2125009D00591671 /* ViewController.m */; };
		91110E932125009D00591671 /* Main.storyboard in Resources */ = {isa = PBXBuildFile; fileRef = 91110E912125009D00591671 /* Main.storyboard */; };
		91110E952125009E00591671 /* Assets.xcassets in Resources */ = {isa = PBXBuildFile; fileRef = 91110E942125009E00591671 /* Assets.xcassets */; };
		91110E982125009E00591671 /* LaunchScreen.storyboard in Resources */ = {isa = PBXBuildFile; fileRef = 91110E962125009E00591671 /* LaunchScreen.storyboard */; };
		91110E9B2125009E00591671 /* main.m in Sources */ = {isa = PBXBuildFile; fileRef = 91110E9A2125009E00591671 /* main.m */; };
		91110EA52125009E00591671 /* WavyCollectionViewTests.m in Sources */ = {isa = PBXBuildFile; fileRef = 91110EA42125009E00591671 /* WavyCollectionViewTests.m */; };
		91110EB02125009E00591671 /* WavyCollectionViewUITests.m in Sources */ = {isa = PBXBuildFile; fileRef = 91110EAF2125009E00591671 /* WavyCollectionViewUITests.m */; };
		91110EBF2125034E00591671 /* WavyFlowLayout.m in Sources */ = {isa = PBXBuildFile; fileRef = 91110EBE2125034E00591671 /* WavyFlowLayout.m */; };
/* End PBXBuildFile section */

/* Begin PBXContainerItemProxy section */
		91110EA12125009E00591671 /* PBXContainerItemProxy */ = {
			isa = PBXContainerItemProxy;
			containerPortal = 91110E802125009D00591671 /* Project object */;
			proxyType = 1;
			remoteGlobalIDString = 91110E872125009D00591671;
			remoteInfo = WavyCollectionView;
		};
		91110EAC2125009E00591671 /* PBXContainerItemProxy */ = {
			isa = PBXContainerItemProxy;
			containerPortal = 91110E802125009D00591671 /* Project object */;
			proxyType = 1;
			remoteGlobalIDString = 91110E872125009D00591671;
			remoteInfo = WavyCollectionView;
		};
/* End PBXContainerItemProxy section */

/* Begin PBXFileReference section */
		91110E882125009D00591671 /* WavyCollectionView.app */ = {isa = PBXFileReference; explicitFileType = wrapper.application; includeInIndex = 0; path = WavyCollectionView.app; sourceTree = BUILT_PRODUCTS_DIR; };
		91110E8B2125009D00591671 /* AppDelegate.h */ = {isa = PBXFileReference; lastKnownFileType = sourcecode.c.h; path = AppDelegate.h; sourceTree = "<group>"; };
		91110E8C2125009D00591671 /* AppDelegate.m */ = {isa = PBXFileReference; lastKnownFileType = sourcecode.c.objc; path = AppDelegate.m; sourceTree = "<group>"; };
		91110E8E2125009D00591671 /* ViewController.h */ = {isa = PBXFileReference; lastKnownFileType = sourcecode.c.h; path = ViewController.h; sourceTree = "<group>"; };
		91110E8F2125009D00591671 /* ViewController.m */ = {isa = PBXFileReference; lastKnownFileType = sourcecode.c.objc; path = ViewController.m; sourceTree = "<group>"; };
		91110E922125009D00591671 /* Base */ = {isa = PBXFileReference; lastKnownFileType = file.storyboard; name = Base; path = Base.lproj/Main.storyboard; sourceTree = "<group>"; };
		91110E942125009E00591671 /* Assets.xcassets */ = {isa = PBXFileReference; lastKnownFileType = folder.assetcatalog; path = Assets.xcassets; sourceTree = "<group>"; };
		91110E972125009E00591671 /* Base */ = {isa = PBXFileReference; lastKnownFileType = file.storyboard; name = Base; path = Base.lproj/LaunchScreen.storyboard; sourceTree = "<group>"; };
		91110E992125009E00591671 /* Info.plist */ = {isa = PBXFileReference; lastKnownFileType = text.plist.xml; path = Info.plist; sourceTree = "<group>"; };
		91110E9A2125009E00591671 /* main.m */ = {isa = PBXFileReference; lastKnownFileType = sourcecode.c.objc; path = main.m; sourceTree = "<group>"; };
		91110EA02125009E00591671 /* WavyCollectionViewTests.xctest */ = {isa = PBXFileReference; explicitFileType = wrapper.cfbundle; includeInIndex = 0; path = WavyCollectionViewTests.xctest; sourceTree = BUILT_PRODUCTS_DIR; };
		91110EA42125009E00591671 /* WavyCollectionViewTests.m */ = {isa = PBXFileReference; lastKnownFileType = sourcecode.c.objc; path = WavyCollectionViewTests.m; sourceTree = "<group>"; };
		91110EA62125009E00591671 /* Info.plist */ = {isa = PBXFileReference; lastKnownFileType = text.plist.xml; path = Info.plist; sourceTree = "<group>"; };
		91110EAB2125009E00591671 /* WavyCollectionViewUITests.xctest */ = {isa = PBXFileReference; explicitFileType = wrapper.cfbundle; includeInIndex = 0; path = WavyCollectionViewUITests.xctest; sourceTree = BUILT_PRODUCTS_DIR; };
		91110EAF2125009E00591671 /* WavyCollectionViewUITests.m */ = {isa = PBXFileReference; lastKnownFileType = sourcecode.c.objc; path = WavyCollectionViewUITests.m; sourceTree = "<group>"; };
		91110EB12125009E00591671 /* Info.plist */ = {isa = PBXFileReference; lastKnownFileType = text.plist.xml; path = Info.plist; sourceTree = "<group>"; };
		91110EBD2125034E00591671 /* WavyFlowLayout.h */ = {isa = PBXFileReference; lastKnownFileType = sourcecode.c.h; path = WavyFlowLayout.h; sourceTree = "<group>"; };
		91110EBE2125034E00591671 /* WavyFlowLayout.m */ = {isa = PBXFileReference; lastKnownFileType = sourcecode.c.objc; path = WavyFlowLayout.m; sourceTree = "<group>"; };
/* End PBXFileReference section */

/* Begin PBXFrameworksBuildPhase section */
		91110E852125009D00591671 /* Frameworks */ = {
			isa = PBXFrameworksBuildPhase;
			buildActionMask = 2147483647;
			files = (
			);
			runOnlyForDeploymentPostprocessing = 0;
		};
		91110E9D2125009E00591671 /* Frameworks */ = {
			isa = PBXFrameworksBuildPhase;
			buildActionMask = 2147483647;
			files = (
			);
			runOnlyForDeploymentPostprocessing = 0;
		};
		91110EA82125009E00591671 /* Frameworks */ = {
			isa = PBXFrameworksBuildPhase;
			buildActionMask = 2147483647;
			files = (
			);
			runOnlyForDeploymentPostprocessing = 0;
		};
/* End PBXFrameworksBuildPhase section */

/* Begin PBXGroup section */
		91110E7F2125009D00591671 = {
			isa = PBXGroup;
			children = (
				91110E8A2125009D00591671 /* WavyCollectionView */,
				91110EA32125009E00591671 /* WavyCollectionViewTests */,
				91110EAE2125009E00591671 /* WavyCollectionViewUITests */,
				91110E892125009D00591671 /* Products */,
			);
			sourceTree = "<group>";
		};
		91110E892125009D00591671 /* Products */ = {
			isa = PBXGroup;
			children = (
				91110E882125009D00591671 /* WavyCollectionView.app */,
				91110EA02125009E00591671 /* WavyCollectionViewTests.xctest */,
				91110EAB2125009E00591671 /* WavyCollectionViewUITests.xctest */,
			);
			name = Products;
			sourceTree = "<group>";
		};
		91110E8A2125009D00591671 /* WavyCollectionView */ = {
			isa = PBXGroup;
			children = (
				91110E8B2125009D00591671 /* AppDelegate.h */,
				91110E8C2125009D00591671 /* AppDelegate.m */,
				91110E8E2125009D00591671 /* ViewController.h */,
				91110E8F2125009D00591671 /* ViewController.m */,
				91110EBD2125034E00591671 /* WavyFlowLayout.h */,
				91110EBE2125034E00591671 /* WavyFlowLayout.m */,
				91110E912125009D00591671 /* Main.storyboard */,
				91110E942125009E00591671 /* Assets.xcassets */,
				91110E962125009E00591671 /* LaunchScreen.storyboard */,
				91110E992125009E00591671 /* Info.plist */,
				91110E9A2125009E00591671 /* main.m */,
			);
			path = WavyCollectionView;
			sourceTree = "<group>";
		};
		91110EA32125009E00591671 /* WavyCollectionViewTests */ = {
			isa = PBXGroup;
			children = (
				91110EA42125009E00591671 /* WavyCollectionViewTests.m */,
				91110EA62125009E00591671 /* Info.plist */,
			);
			path = WavyCollectionViewTests;
			sourceTree = "<group>";
		};
		91110EAE2125009E00591671 /* WavyCollectionViewUITests */ = {
			isa = PBXGroup;
			children = (
				91110EAF2125009E00591671 /* WavyCollectionViewUITests.m */,
				91110EB12125009E00591671 /* Info.plist */,
			);
			path = WavyCollectionViewUITests;
			sourceTree = "<group>";
		};
/* End PBXGroup section */

/* Begin PBXNativeTarget section */
		91110E872125009D00591671 /* WavyCollectionView */ = {
			isa = PBXNativeTarget;
			buildConfigurationList = 91110EB42125009E00591671 /* Build configuration list for PBXNativeTarget "WavyCollectionView" */;
			buildPhases = (
				91110E842125009D00591671 /* Sources */,
				91110E852125009D00591671 /* Frameworks */,
				91110E862125009D00591671 /* Resources */,
			);
			buildRules = (
			);
			dependencies = (
			);
			name = WavyCollectionView;
			productName = WavyCollectionView;
			productReference = 91110E882125009D00591671 /* WavyCollectionView.app */;
			productType = "com.apple.product-type.application";
		};
		91110E9F2125009E00591671 /* WavyCollectionViewTests */ = {
			isa = PBXNativeTarget;
			buildConfigurationList = 91110EB72125009E00591671 /* Build configuration list for PBXNativeTarget "WavyCollectionViewTests" */;
			buildPhases = (
				91110E9C2125009E00591671 /* Sources */,
				91110E9D2125009E00591671 /* Frameworks */,
				91110E9E2125009E00591671 /* Resources */,
			);
			buildRules = (
			);
			dependencies = (
				91110EA22125009E00591671 /* PBXTargetDependency */,
			);
			name = WavyCollectionViewTests;
			productName = WavyCollectionViewTests;
			productReference = 91110EA02125009E00591671 /* WavyCollectionViewTests.xctest */;
			productType = "com.apple.product-type.bundle.unit-test";
		};
		91110EAA2125009E00591671 /* WavyCollectionViewUITests */ = {
			isa = PBXNativeTarget;
			buildConfigurationList = 91110EBA2125009E00591671 /* Build configuration list for PBXNativeTarget "WavyCollectionViewUITests" */;
			buildPhases = (
				91110EA72125009E00591671 /* Sources */,
				91110EA82125009E00591671 /* Frameworks */,
				91110EA92125009E00591671 /* Resources */,
			);
			buildRules = (
			);
			dependencies = (
				91110EAD2125009E00591671 /* PBXTargetDependency */,
			);
			name = WavyCollectionViewUITests;
			productName = WavyCollectionViewUITests;
			productReference = 91110EAB2125009E00591671 /* WavyCollectionViewUITests.xctest */;
			productType = "com.apple.product-type.bundle.ui-testing";
		};
/* End PBXNativeTarget section */

/* Begin PBXProject section */
		91110E802125009D00591671 /* Project object */ = {
			isa = PBXProject;
			attributes = {
				LastUpgradeCheck = 0940;
				ORGANIZATIONNAME = Bennett;
				TargetAttributes = {
					91110E872125009D00591671 = {
						CreatedOnToolsVersion = 9.4.1;
					};
					91110E9F2125009E00591671 = {
						CreatedOnToolsVersion = 9.4.1;
						TestTargetID = 91110E872125009D00591671;
					};
					91110EAA2125009E00591671 = {
						CreatedOnToolsVersion = 9.4.1;
						TestTargetID = 91110E872125009D00591671;
					};
				};
			};
			buildConfigurationList = 91110E832125009D00591671 /* Build configuration list for PBXProject "WavyCollectionView" */;
			compatibilityVersion = "Xcode 9.3";
			developmentRegion = en;
			hasScannedForEncodings = 0;
			knownRegions = (
				en,
				Base,
			);
			mainGroup = 91110E7F2125009D00591671;
			productRefGroup = 91110E892125009D00591671 /* Products */;
			projectDirPath = "";
			projectRoot = "";
			targets = (
				91110E872125009D00591671 /* WavyCollectionView */,
				91110E9F2125009E00591671 /* WavyCollectionViewTests */,
				91110EAA2125009E00591671 /* WavyCollectionViewUITests */,
			);
		};
/* End PBXProject section */

/* Begin PBXResourcesBuildPhase section */
		91110E862125009D00591671 /* Resources */ = {
			isa = PBXResourcesBuildPhase;
			buildActionMask = 2147483647;
			files = (
				91110E982125009E00591671 /* LaunchScreen.storyboard in Resources */,
				91110E952125009E00591671 /* Assets.xcassets in Resources */,
				91110E932125009D00591671 /* Main.storyboard in Resources */,
			);
			runOnlyForDeploymentPostprocessing = 0;
		};
		91110E9E2125009E00591671 /* Resources */ = {
			isa = PBXResourcesBuildPhase;
			buildActionMask = 2147483647;
			files = (
			);
			runOnlyForDeploymentPostprocessing = 0;
		};
		91110EA92125009E00591671 /* Resources */ = {
			isa = PBXResourcesBuildPhase;
			buildActionMask = 2147483647;
			files = (
			);
			runOnlyForDeploymentPostprocessing = 0;
		};
/* End PBXResourcesBuildPhase section */

/* Begin PBXSourcesBuildPhase section */
		91110E842125009D00591671 /* Sources */ = {
			isa = PBXSourcesBuildPhase;
			buildActionMask = 2147483647;
			files = (
				91110EBF2125034E00591671 /* WavyFlowLayout.m in Sources */,
				91110E902125009D00591671 /* ViewController.m in Sources */,
				91110E9B2125009E00591671 /* main.m in Sources */,
				91110E8D2125009D00591671 /* AppDelegate.m in Sources */,
			);
			runOnlyForDeploymentPostprocessing = 0;
		};
		91110E9C2125009E00591671 /* Sources */ = {
			isa = PBXSourcesBuildPhase;
			buildActionMask = 2147483647;
			files = (
				91110EA52125009E00591671 /* WavyCollectionViewTests.m in Sources */,
			);
			runOnlyForDeploymentPostprocessing = 0;
		};
		91110EA72125009E00591671 /* Sources */ = {
			isa = PBXSourcesBuildPhase;
			buildActionMask = 2147483647;
			files = (
				91110EB02125009E00591671 /* WavyCollectionViewUITests.m in Sources */,
			);
			runOnlyForDeploymentPostprocessing = 0;
		};
/* End PBXSourcesBuildPhase section */

/* Begin PBXTargetDependency section */
		91110EA22125009E00591671 /* PBXTargetDependency */ = {
			isa = PBXTargetDependency;
			target = 91110E872125009D00591671 /* WavyCollectionView */;
			targetProxy = 91110EA12125009E00591671 /* PBXContainerItemProxy */;
		};
		91110EAD2125009E00591671 /* PBXTargetDependency */ = {
			isa = PBXTargetDependency;
			target = 91110E872125009D00591671 /* WavyCollectionView */;
			targetProxy = 91110EAC2125009E00591671 /* PBXContainerItemProxy */;
		};
/* End PBXTargetDependency section */

/* Begin PBXVariantGroup section */
		91110E912125009D00591671 /* Main.storyboard */ = {
			isa = PBXVariantGroup;
			children = (
				91110E922125009D00591671 /* Base */,
			);
			name = Main.storyboard;
			sourceTree = "<group>";
		};
		91110E962125009E00591671 /* LaunchScreen.storyboard */ = {
			isa = PBXVariantGroup;
			children = (
				91110E972125009E00591671 /* Base */,
			);
			name = LaunchScreen.storyboard;
			sourceTree = "<group>";
		};
/* End PBXVariantGroup section */

/* Begin XCBuildConfiguration section */
		91110EB22125009E00591671 /* Debug */ = {
			isa = XCBuildConfiguration;
			buildSettings = {
				ALWAYS_SEARCH_USER_PATHS = NO;
				CLANG_ANALYZER_NONNULL = YES;
				CLANG_ANALYZER_NUMBER_OBJECT_CONVERSION = YES_AGGRESSIVE;
				CLANG_CXX_LANGUAGE_STANDARD = "gnu++14";
				CLANG_CXX_LIBRARY = "libc++";
				CLANG_ENABLE_MODULES = YES;
				CLANG_ENABLE_OBJC_ARC = YES;
				CLANG_ENABLE_OBJC_WEAK = YES;
				CLANG_WARN_BLOCK_CAPTURE_AUTORELEASING = YES;
				CLANG_WARN_BOOL_CONVERSION = YES;
				CLANG_WARN_COMMA = YES;
				CLANG_WARN_CONSTANT_CONVERSION = YES;
				CLANG_WARN_DEPRECATED_OBJC_IMPLEMENTATIONS = YES;
				CLANG_WARN_DIRECT_OBJC_ISA_USAGE = YES_ERROR;
				CLANG_WARN_DOCUMENTATION_COMMENTS = YES;
				CLANG_WARN_EMPTY_BODY = YES;
				CLANG_WARN_ENUM_CONVERSION = YES;
				CLANG_WARN_INFINITE_RECURSION = YES;
				CLANG_WARN_INT_CONVERSION = YES;
				CLANG_WARN_NON_LITERAL_NULL_CONVERSION = YES;
				CLANG_WARN_OBJC_IMPLICIT_RETAIN_SELF = YES;
				CLANG_WARN_OBJC_LITERAL_CONVERSION = YES;
				CLANG_WARN_OBJC_ROOT_CLASS = YES_ERROR;
				CLANG_WARN_RANGE_LOOP_ANALYSIS = YES;
				CLANG_WARN_STRICT_PROTOTYPES = YES;
				CLANG_WARN_SUSPICIOUS_MOVE = YES;
				CLANG_WARN_UNGUARDED_AVAILABILITY = YES_AGGRESSIVE;
				CLANG_WARN_UNREACHABLE_CODE = YES;
				CLANG_WARN__DUPLICATE_METHOD_MATCH = YES;
				CODE_SIGN_IDENTITY = "iPhone Developer";
				COPY_PHASE_STRIP = NO;
				DEBUG_INFORMATION_FORMAT = dwarf;
				ENABLE_STRICT_OBJC_MSGSEND = YES;
				ENABLE_TESTABILITY = YES;
				GCC_C_LANGUAGE_STANDARD = gnu11;
				GCC_DYNAMIC_NO_PIC = NO;
				GCC_NO_COMMON_BLOCKS = YES;
				GCC_OPTIMIZATION_LEVEL = 0;
				GCC_PREPROCESSOR_DEFINITIONS = (
					"DEBUG=1",
					"$(inherited)",
				);
				GCC_WARN_64_TO_32_BIT_CONVERSION = YES;
				GCC_WARN_ABOUT_RETURN_TYPE = YES_ERROR;
				GCC_WARN_UNDECLARED_SELECTOR = YES;
				GCC_WARN_UNINITIALIZED_AUTOS = YES_AGGRESSIVE;
				GCC_WARN_UNUSED_FUNCTION = YES;
				GCC_WARN_UNUSED_VARIABLE = YES;
				IPHONEOS_DEPLOYMENT_TARGET = 11.4;
				MTL_ENABLE_DEBUG_INFO = YES;
				ONLY_ACTIVE_ARCH = YES;
				SDKROOT = iphoneos;
			};
			name = Debug;
		};
		91110EB32125009E00591671 /* Release */ = {
			isa = XCBuildConfiguration;
			buildSettings = {
				ALWAYS_SEARCH_USER_PATHS = NO;
				CLANG_ANALYZER_NONNULL = YES;
				CLANG_ANALYZER_NUMBER_OBJECT_CONVERSION = YES_AGGRESSIVE;
				CLANG_CXX_LANGUAGE_STANDARD = "gnu++14";
				CLANG_CXX_LIBRARY = "libc++";
				CLANG_ENABLE_MODULES = YES;
				CLANG_ENABLE_OBJC_ARC = YES;
				CLANG_ENABLE_OBJC_WEAK = YES;
				CLANG_WARN_BLOCK_CAPTURE_AUTORELEASING = YES;
				CLANG_WARN_BOOL_CONVERSION = YES;
				CLANG_WARN_COMMA = YES;
				CLANG_WARN_CONSTANT_CONVERSION = YES;
				CLANG_WARN_DEPRECATED_OBJC_IMPLEMENTATIONS = YES;
				CLANG_WARN_DIRECT_OBJC_ISA_USAGE = YES_ERROR;
				CLANG_WARN_DOCUMENTATION_COMMENTS = YES;
				CLANG_WARN_EMPTY_BODY = YES;
				CLANG_WARN_ENUM_CONVERSION = YES;
				CLANG_WARN_INFINITE_RECURSION = YES;
				CLANG_WARN_INT_CONVERSION = YES;
				CLANG_WARN_NON_LITERAL_NULL_CONVERSION = YES;
				CLANG_WARN_OBJC_IMPLICIT_RETAIN_SELF = YES;
				CLANG_WARN_OBJC_LITERAL_CONVERSION = YES;
				CLANG_WARN_OBJC_ROOT_CLASS = YES_ERROR;
				CLANG_WARN_RANGE_LOOP_ANALYSIS = YES;
				CLANG_WARN_STRICT_PROTOTYPES = YES;
				CLANG_WARN_SUSPICIOUS_MOVE = YES;
				CLANG_WARN_UNGUARDED_AVAILABILITY = YES_AGGRESSIVE;
				CLANG_WARN_UNREACHABLE_CODE = YES;
				CLANG_WARN__DUPLICATE_METHOD_MATCH = YES;
				CODE_SIGN_IDENTITY = "iPhone Developer";
				COPY_PHASE_STRIP = NO;
				DEBUG_INFORMATION_FORMAT = "dwarf-with-dsym";
				ENABLE_NS_ASSERTIONS = NO;
				ENABLE_STRICT_OBJC_MSGSEND = YES;
				GCC_C_LANGUAGE_STANDARD = gnu11;
				GCC_NO_COMMON_BLOCKS = YES;
				GCC_WARN_64_TO_32_BIT_CONVERSION = YES;
				GCC_WARN_ABOUT_RETURN_TYPE = YES_ERROR;
				GCC_WARN_UNDECLARED_SELECTOR = YES;
				GCC_WARN_UNINITIALIZED_AUTOS = YES_AGGRESSIVE;
				GCC_WARN_UNUSED_FUNCTION = YES;
				GCC_WARN_UNUSED_VARIABLE = YES;
				IPHONEOS_DEPLOYMENT_TARGET = 11.4;
				MTL_ENABLE_DEBUG_INFO = NO;
				SDKROOT = iphoneos;
				VALIDATE_PRODUCT = YES;
			};
			name = Release;
		};
		91110EB52125009E00591671 /* Debug */ = {
			isa = XCBuildConfiguration;
			buildSettings = {
				ASSETCATALOG_COMPILER_APPICON_NAME = AppIcon;
				CODE_SIGN_STYLE = Automatic;
				INFOPLIST_FILE = WavyCollectionView/Info.plist;
				LD_RUNPATH_SEARCH_PATHS = (
					"$(inherited)",
					"@executable_path/Frameworks",
				);
				PRODUCT_BUNDLE_IDENTIFIER = com.bennett.WavyCollectionView;
				PRODUCT_NAME = "$(TARGET_NAME)";
				TARGETED_DEVICE_FAMILY = "1,2";
			};
			name = Debug;
		};
		91110EB62125009E00591671 /* Release */ = {
			isa = XCBuildConfiguration;
			buildSettings = {
				ASSETCATALOG_COMPILER_APPICON_NAME = AppIcon;
				CODE_SIGN_STYLE = Automatic;
				INFOPLIST_FILE = WavyCollectionView/Info.plist;
				LD_RUNPATH_SEARCH_PATHS = (
					"$(inherited)",
					"@executable_path/Frameworks",
				);
				PRODUCT_BUNDLE_IDENTIFIER = com.bennett.WavyCollectionView;
				PRODUCT_NAME = "$(TARGET_NAME)";
				TARGETED_DEVICE_FAMILY = "1,2";
			};
			name = Release;
		};
		91110EB82125009E00591671 /* Debug */ = {
			isa = XCBuildConfiguration;
			buildSettings = {
				BUNDLE_LOADER = "$(TEST_HOST)";
				CODE_SIGN_STYLE = Automatic;
				INFOPLIST_FILE = WavyCollectionViewTests/Info.plist;
				LD_RUNPATH_SEARCH_PATHS = (
					"$(inherited)",
					"@executable_path/Frameworks",
					"@loader_path/Frameworks",
				);
				PRODUCT_BUNDLE_IDENTIFIER = com.bennett.WavyCollectionViewTests;
				PRODUCT_NAME = "$(TARGET_NAME)";
				TARGETED_DEVICE_FAMILY = "1,2";
				TEST_HOST = "$(BUILT_PRODUCTS_DIR)/WavyCollectionView.app/WavyCollectionView";
			};
			name = Debug;
		};
		91110EB92125009E00591671 /* Release */ = {
			isa = XCBuildConfiguration;
			buildSettings = {
				BUNDLE_LOADER = "$(TEST_HOST)";
				CODE_SIGN_STYLE = Automatic;
				INFOPLIST_FILE = WavyCollectionViewTests/Info.plist;
				LD_RUNPATH_SEARCH_PATHS = (
					"$(inherited)",
					"@executable_path/Frameworks",
					"@loader_path/Frameworks",
				);
				PRODUCT_BUNDLE_IDENTIFIER = com.bennett.WavyCollectionViewTests;
				PRODUCT_NAME = "$(TARGET_NAME)";
				TARGETED_DEVICE_FAMILY = "1,2";
				TEST_HOST = "$(BUILT_PRODUCTS_DIR)/WavyCollectionView.app/WavyCollectionView";
			};
			name = Release;
		};
		91110EBB2125009E00591671 /* Debug */ = {
			isa = XCBuildConfiguration;
			buildSettings = {
				CODE_SIGN_STYLE = Automatic;
				INFOPLIST_FILE = WavyCollectionViewUITests/Info.plist;
				LD_RUNPATH_SEARCH_PATHS = (
					"$(inherited)",
					"@executable_path/Frameworks",
					"@loader_path/Frameworks",
				);
				PRODUCT_BUNDLE_IDENTIFIER = com.bennett.WavyCollectionViewUITests;
				PRODUCT_NAME = "$(TARGET_NAME)";
				TARGETED_DEVICE_FAMILY = "1,2";
				TEST_TARGET_NAME = WavyCollectionView;
			};
			name = Debug;
		};
		91110EBC2125009E00591671 /* Release */ = {
			isa = XCBuildConfiguration;
			buildSettings = {
				CODE_SIGN_STYLE = Automatic;
				INFOPLIST_FILE = WavyCollectionViewUITests/Info.plist;
				LD_RUNPATH_SEARCH_PATHS = (
					"$(inherited)",
					"@executable_path/Frameworks",
					"@loader_path/Frameworks",
				);
				PRODUCT_BUNDLE_IDENTIFIER = com.bennett.WavyCollectionViewUITests;
				PRODUCT_NAME = "$(TARGET_NAME)";
				TARGETED_DEVICE_FAMILY = "1,2";
				TEST_TARGET_NAME = WavyCollectionView;
			};
			name = Release;
		};
/* End XCBuildConfiguration section */

/* Begin XCConfigurationList section */
		91110E832125009D00591671 /* Build configuration list for PBXProject "WavyCollectionView" */ = {
			isa = XCConfigurationList;
			buildConfigurations = (
				91110EB22125009E00591671 /* Debug */,
				91110EB32125009E00591671 /* Release */,
			);
			defaultConfigurationIsVisible = 0;
			defaultConfigurationName = Release;
		};
		91110EB42125009E00591671 /* Build configuration list for PBXNativeTarget "WavyCollectionView" */ = {
			isa = XCConfigurationList;
			buildConfigurations = (
				91110EB52125009E00591671 /* Debug */,
				91110EB62125009E00591671 /* Release */,
			);
			defaultConfigurationIsVisible = 0;
			defaultConfigurationName = Release;
		};
		91110EB72125009E00591671 /* Build configuration list for PBXNativeTarget "WavyCollectionViewTests" */ = {
			isa = XCConfigurationList;
			buildConfigurations = (
				91110EB82125009E00591671 /* Debug */,
				91110EB92125009E00591671 /* Release */,
			);
			defaultConfigurationIsVisible = 0;
			defaultConfigurationName = Release;
		};
		91110EBA2125009E00591671 /* Build configuration list for PBXNativeTarget "WavyCollectionViewUITests" */ = {
			isa = XCConfigurationList;
			buildConfigurations = (
				91110EBB2125009E00591671 /* Debug */,
				91110EBC2125009E00591671 /* Release */,
			);
			defaultConfigurationIsVisible = 0;
			defaultConfigurationName = Release;
		};
/* End XCConfigurationList section */
	};
	rootObject = 91110E802125009D00591671 /* Project object */;
}
